PODS:
  - Apple-Cocoapod-KochavaCore (6.0.0)

DEPENDENCIES:
  - Apple-Cocoapod-KochavaCore (from `../`)

EXTERNAL SOURCES:
  Apple-Cocoapod-KochavaCore:
    :path: "../"

SPEC CHECKSUMS:
  Apple-Cocoapod-KochavaCore: 0aec89f752f60d4153d40444bb4a4a0d2cc6a42f

PODFILE CHECKSUM: d789482dfa1ede72d13b8757f79bc780ede6a4d4

COCOAPODS: 1.11.3
