PODS:
  - Apple-Cocoapod-KochavaCore (6.1.1)

DEPENDENCIES:
  - Apple-Cocoapod-KochavaCore (from `../`)

EXTERNAL SOURCES:
  Apple-Cocoapod-KochavaCore:
    :path: "../"

SPEC CHECKSUMS:
  Apple-Cocoapod-KochavaCore: b0255a5cd156e70e8b9ba20d57ef779d7490e9c2

PODFILE CHECKSUM: d789482dfa1ede72d13b8757f79bc780ede6a4d4

COCOAPODS: 1.11.3
